
Microsoft Visual Studio Solution File, Format Version 12.00
# Visual Studio Version 16
VisualStudioVersion = 16.0.33920.266
MinimumVisualStudioVersion = 10.0.40219.1
Project("{FAE04EC0-301F-11D3-BF4B-00C04F79EFBC}") = "Bai5.3_CaoDucThaiNhat", "Bai5.3_CaoDucThaiNhat\Bai5.3_CaoDucThaiNhat.csproj", "{D576AB78-B01C-4BE9-AD34-200BDA90783D}"
EndProject
Global
	GlobalSection(SolutionConfigurationPlatforms) = preSolution
		Debug|Any CPU = Debug|Any CPU
		Release|Any CPU = Release|Any CPU
	EndGlobalSection
	GlobalSection(ProjectConfigurationPlatforms) = postSolution
		{D576AB78-B01C-4BE9-AD34-200BDA90783D}.Debug|Any CPU.ActiveCfg = Debug|Any CPU
		{D576AB78-B01C-4BE9-AD34-200BDA90783D}.Debug|Any CPU.Build.0 = Debug|Any CPU
		{D576AB78-B01C-4BE9-AD34-200BDA90783D}.Release|Any CPU.ActiveCfg = Release|Any CPU
		{D576AB78-B01C-4BE9-AD34-200BDA90783D}.Release|Any CPU.Build.0 = Release|Any CPU
	EndGlobalSection
	GlobalSection(SolutionProperties) = preSolution
		HideSolutionNode = FALSE
	EndGlobalSection
	GlobalSection(ExtensibilityGlobals) = postSolution
		SolutionGuid = {5BDED089-8EDA-4255-8D73-F41F1C8B6C9B}
	EndGlobalSection
EndGlobal
