
Microsoft Visual Studio Solution File, Format Version 12.00
# Visual Studio Version 16
VisualStudioVersion = 16.0.33920.266
MinimumVisualStudioVersion = 10.0.40219.1
Project("{FAE04EC0-301F-11D3-BF4B-00C04F79EFBC}") = "CaoDucThaiNhat_2020600154_Bai3.1", "CaoDucThaiNhat_2020600154_Bai3.1\CaoDucThaiNhat_2020600154_Bai3.1.csproj", "{9E807B45-E973-43E0-8133-7021A15654A1}"
EndProject
Global
	GlobalSection(SolutionConfigurationPlatforms) = preSolution
		Debug|Any CPU = Debug|Any CPU
		Release|Any CPU = Release|Any CPU
	EndGlobalSection
	GlobalSection(ProjectConfigurationPlatforms) = postSolution
		{9E807B45-E973-43E0-8133-7021A15654A1}.Debug|Any CPU.ActiveCfg = Debug|Any CPU
		{9E807B45-E973-43E0-8133-7021A15654A1}.Debug|Any CPU.Build.0 = Debug|Any CPU
		{9E807B45-E973-43E0-8133-7021A15654A1}.Release|Any CPU.ActiveCfg = Release|Any CPU
		{9E807B45-E973-43E0-8133-7021A15654A1}.Release|Any CPU.Build.0 = Release|Any CPU
	EndGlobalSection
	GlobalSection(SolutionProperties) = preSolution
		HideSolutionNode = FALSE
	EndGlobalSection
	GlobalSection(ExtensibilityGlobals) = postSolution
		SolutionGuid = {1F62E311-09DE-4FA8-BB17-079AB5F2B026}
	EndGlobalSection
EndGlobal
