
Microsoft Visual Studio Solution File, Format Version 12.00
# Visual Studio Version 16
VisualStudioVersion = 16.0.33920.266
MinimumVisualStudioVersion = 10.0.40219.1
Project("{FAE04EC0-301F-11D3-BF4B-00C04F79EFBC}") = "De3", "De3\De3.csproj", "{6283621B-D151-4F21-9CEA-C3C9166A957D}"
EndProject
Global
	GlobalSection(SolutionConfigurationPlatforms) = preSolution
		Debug|Any CPU = Debug|Any CPU
		Release|Any CPU = Release|Any CPU
	EndGlobalSection
	GlobalSection(ProjectConfigurationPlatforms) = postSolution
		{6283621B-D151-4F21-9CEA-C3C9166A957D}.Debug|Any CPU.ActiveCfg = Debug|Any CPU
		{6283621B-D151-4F21-9CEA-C3C9166A957D}.Debug|Any CPU.Build.0 = Debug|Any CPU
		{6283621B-D151-4F21-9CEA-C3C9166A957D}.Release|Any CPU.ActiveCfg = Release|Any CPU
		{6283621B-D151-4F21-9CEA-C3C9166A957D}.Release|Any CPU.Build.0 = Release|Any CPU
	EndGlobalSection
	GlobalSection(SolutionProperties) = preSolution
		HideSolutionNode = FALSE
	EndGlobalSection
	GlobalSection(ExtensibilityGlobals) = postSolution
		SolutionGuid = {DD88CAC4-DB8B-4E4F-B364-3D03DC73C930}
	EndGlobalSection
EndGlobal
