
Microsoft Visual Studio Solution File, Format Version 12.00
# Visual Studio Version 16
VisualStudioVersion = 16.0.33920.266
MinimumVisualStudioVersion = 10.0.40219.1
Project("{FAE04EC0-301F-11D3-BF4B-00C04F79EFBC}") = "Bai6.2_CaoDucThaiNhat_2020600154", "Bai6.2_CaoDucThaiNhat_2020600154\Bai6.2_CaoDucThaiNhat_2020600154.csproj", "{7FFDF918-FEA3-4003-AC0C-3CE744F4732B}"
EndProject
Global
	GlobalSection(SolutionConfigurationPlatforms) = preSolution
		Debug|Any CPU = Debug|Any CPU
		Release|Any CPU = Release|Any CPU
	EndGlobalSection
	GlobalSection(ProjectConfigurationPlatforms) = postSolution
		{7FFDF918-FEA3-4003-AC0C-3CE744F4732B}.Debug|Any CPU.ActiveCfg = Debug|Any CPU
		{7FFDF918-FEA3-4003-AC0C-3CE744F4732B}.Debug|Any CPU.Build.0 = Debug|Any CPU
		{7FFDF918-FEA3-4003-AC0C-3CE744F4732B}.Release|Any CPU.ActiveCfg = Release|Any CPU
		{7FFDF918-FEA3-4003-AC0C-3CE744F4732B}.Release|Any CPU.Build.0 = Release|Any CPU
	EndGlobalSection
	GlobalSection(SolutionProperties) = preSolution
		HideSolutionNode = FALSE
	EndGlobalSection
	GlobalSection(ExtensibilityGlobals) = postSolution
		SolutionGuid = {247271CF-D80F-4EDE-94F2-A1CD4AFB5964}
	EndGlobalSection
EndGlobal
