
Microsoft Visual Studio Solution File, Format Version 12.00
# Visual Studio Version 16
VisualStudioVersion = 16.0.33920.266
MinimumVisualStudioVersion = 10.0.40219.1
Project("{FAE04EC0-301F-11D3-BF4B-00C04F79EFBC}") = "Bai4.1_CaoDucThaiNhat_2020600154", "Bai4.1_CaoDucThaiNhat_2020600154\Bai4.1_CaoDucThaiNhat_2020600154.csproj", "{FB3A513D-C336-4DD3-AFEA-76E1D3DE1AD1}"
EndProject
Global
	GlobalSection(SolutionConfigurationPlatforms) = preSolution
		Debug|Any CPU = Debug|Any CPU
		Release|Any CPU = Release|Any CPU
	EndGlobalSection
	GlobalSection(ProjectConfigurationPlatforms) = postSolution
		{FB3A513D-C336-4DD3-AFEA-76E1D3DE1AD1}.Debug|Any CPU.ActiveCfg = Debug|Any CPU
		{FB3A513D-C336-4DD3-AFEA-76E1D3DE1AD1}.Debug|Any CPU.Build.0 = Debug|Any CPU
		{FB3A513D-C336-4DD3-AFEA-76E1D3DE1AD1}.Release|Any CPU.ActiveCfg = Release|Any CPU
		{FB3A513D-C336-4DD3-AFEA-76E1D3DE1AD1}.Release|Any CPU.Build.0 = Release|Any CPU
	EndGlobalSection
	GlobalSection(SolutionProperties) = preSolution
		HideSolutionNode = FALSE
	EndGlobalSection
	GlobalSection(ExtensibilityGlobals) = postSolution
		SolutionGuid = {196C6C93-846E-4462-8361-1687AEF6F635}
	EndGlobalSection
EndGlobal
